// !$*UTF8*$!
{
	archiveVersion = 1;
	classes = {
	};
	objectVersion = 50;
	objects = {

/* Begin PBXBuildFile section */
		4B18E6EA213BCABA00439700 /* TestStory.rtf in Resources */ = {isa = PBXBuildFile; fileRef = 4B18E6E9213BCABA00439700 /* TestStory.rtf */; };
		4B18E6EC213C8CE200439700 /* tension.mp3 in Resources */ = {isa = PBXBuildFile; fileRef = 4B18E6EB213C8CE200439700 /* tension.mp3 */; };
		4B18E6EE213D10EB00439700 /* GlisteningOpinion.mp3 in Resources */ = {isa = PBXBuildFile; fileRef = 4B18E6ED213D10EB00439700 /* GlisteningOpinion.mp3 */; };
		4B18E6F0213F8DCF00439700 /* hitman.mp3 in Resources */ = {isa = PBXBuildFile; fileRef = 4B18E6EF213F8DCF00439700 /* hitman.mp3 */; };
		4BB336832133AD2D0082FCE3 /* AppDelegate.swift in Sources */ = {isa = PBXBuildFile; fileRef = 4BB336822133AD2D0082FCE3 /* AppDelegate.swift */; };
		4BB336852133AD2D0082FCE3 /* TextViewController.swift in Sources */ = {isa = PBXBuildFile; fileRef = 4BB336842133AD2D0082FCE3 /* TextViewController.swift */; };
		4BB336882133AD2D0082FCE3 /* Main.storyboard in Resources */ = {isa = PBXBuildFile; fileRef = 4BB336862133AD2D0082FCE3 /* Main.storyboard */; };
		4BB3368B2133AD2D0082FCE3 /* Fate.xcdatamodeld in Sources */ = {isa = PBXBuildFile; fileRef = 4BB336892133AD2D0082FCE3 /* Fate.xcdatamodeld */; };
		4BB3368D2133AD2F0082FCE3 /* Assets.xcassets in Resources */ = {isa = PBXBuildFile; fileRef = 4BB3368C2133AD2F0082FCE3 /* Assets.xcassets */; };
		4BB336902133AD2F0082FCE3 /* LaunchScreen.storyboard in Resources */ = {isa = PBXBuildFile; fileRef = 4BB3368E2133AD2F0082FCE3 /* LaunchScreen.storyboard */; };
		4BB336982134B67D0082FCE3 /* StartViewController.swift in Sources */ = {isa = PBXBuildFile; fileRef = 4BB336972134B67D0082FCE3 /* StartViewController.swift */; };
		4BB3369A2134C8580082FCE3 /* PenitentFeelings.mp3 in Resources */ = {isa = PBXBuildFile; fileRef = 4BB336992134C8580082FCE3 /* PenitentFeelings.mp3 */; };
		4BB3369C2134CF9C0082FCE3 /* LifeUnlived.mid in Resources */ = {isa = PBXBuildFile; fileRef = 4BB3369B2134CF9C0082FCE3 /* LifeUnlived.mid */; };
		4BB3369E2134D57C0082FCE3 /* bluescale.wav in Resources */ = {isa = PBXBuildFile; fileRef = 4BB3369D2134D57B0082FCE3 /* bluescale.wav */; };
		4BB336A02134D6200082FCE3 /* NightMusings.mp3 in Resources */ = {isa = PBXBuildFile; fileRef = 4BB3369F2134D6200082FCE3 /* NightMusings.mp3 */; };
/* End PBXBuildFile section */

/* Begin PBXFileReference section */
		4B18E6E9213BCABA00439700 /* TestStory.rtf */ = {isa = PBXFileReference; fileEncoding = 4; lastKnownFileType = text.rtf; path = TestStory.rtf; sourceTree = "<group>"; };
		4B18E6EB213C8CE200439700 /* tension.mp3 */ = {isa = PBXFileReference; lastKnownFileType = audio.mp3; path = tension.mp3; sourceTree = "<group>"; };
		4B18E6ED213D10EB00439700 /* GlisteningOpinion.mp3 */ = {isa = PBXFileReference; lastKnownFileType = audio.mp3; path = GlisteningOpinion.mp3; sourceTree = "<group>"; };
		4B18E6EF213F8DCF00439700 /* hitman.mp3 */ = {isa = PBXFileReference; lastKnownFileType = audio.mp3; path = hitman.mp3; sourceTree = "<group>"; };
		4BB3367F2133AD2D0082FCE3 /* Fate.app */ = {isa = PBXFileReference; explicitFileType = wrapper.application; includeInIndex = 0; path = Fate.app; sourceTree = BUILT_PRODUCTS_DIR; };
		4BB336822133AD2D0082FCE3 /* AppDelegate.swift */ = {isa = PBXFileReference; lastKnownFileType = sourcecode.swift; path = AppDelegate.swift; sourceTree = "<group>"; };
		4BB336842133AD2D0082FCE3 /* TextViewController.swift */ = {isa = PBXFileReference; lastKnownFileType = sourcecode.swift; path = TextViewController.swift; sourceTree = "<group>"; };
		4BB336872133AD2D0082FCE3 /* Base */ = {isa = PBXFileReference; lastKnownFileType = file.storyboard; name = Base; path = Base.lproj/Main.storyboard; sourceTree = "<group>"; };
		4BB3368A2133AD2D0082FCE3 /* Fate.xcdatamodel */ = {isa = PBXFileReference; lastKnownFileType = wrapper.xcdatamodel; path = Fate.xcdatamodel; sourceTree = "<group>"; };
		4BB3368C2133AD2F0082FCE3 /* Assets.xcassets */ = {isa = PBXFileReference; lastKnownFileType = folder.assetcatalog; path = Assets.xcassets; sourceTree = "<group>"; };
		4BB3368F2133AD2F0082FCE3 /* Base */ = {isa = PBXFileReference; lastKnownFileType = file.storyboard; name = Base; path = Base.lproj/LaunchScreen.storyboard; sourceTree = "<group>"; };
		4BB336912133AD2F0082FCE3 /* Info.plist */ = {isa = PBXFileReference; lastKnownFileType = text.plist.xml; path = Info.plist; sourceTree = "<group>"; };
		4BB336972134B67D0082FCE3 /* StartViewController.swift */ = {isa = PBXFileReference; lastKnownFileType = sourcecode.swift; path = StartViewController.swift; sourceTree = "<group>"; };
		4BB336992134C8580082FCE3 /* PenitentFeelings.mp3 */ = {isa = PBXFileReference; lastKnownFileType = audio.mp3; path = PenitentFeelings.mp3; sourceTree = "<group>"; };
		4BB3369B2134CF9C0082FCE3 /* LifeUnlived.mid */ = {isa = PBXFileReference; lastKnownFileType = audio.midi; path = LifeUnlived.mid; sourceTree = "<group>"; };
		4BB3369D2134D57B0082FCE3 /* bluescale.wav */ = {isa = PBXFileReference; lastKnownFileType = audio.wav; path = bluescale.wav; sourceTree = "<group>"; };
		4BB3369F2134D6200082FCE3 /* NightMusings.mp3 */ = {isa = PBXFileReference; lastKnownFileType = audio.mp3; path = NightMusings.mp3; sourceTree = "<group>"; };
/* End PBXFileReference section */

/* Begin PBXFrameworksBuildPhase section */
		4BB3367C2133AD2D0082FCE3 /* Frameworks */ = {
			isa = PBXFrameworksBuildPhase;
			buildActionMask = 2147483647;
			files = (
			);
			runOnlyForDeploymentPostprocessing = 0;
		};
/* End PBXFrameworksBuildPhase section */

/* Begin PBXGroup section */
		4BB336762133AD2D0082FCE3 = {
			isa = PBXGroup;
			children = (
				4BB336812133AD2D0082FCE3 /* Fate */,
				4BB336802133AD2D0082FCE3 /* Products */,
			);
			sourceTree = "<group>";
		};
		4BB336802133AD2D0082FCE3 /* Products */ = {
			isa = PBXGroup;
			children = (
				4BB3367F2133AD2D0082FCE3 /* Fate.app */,
			);
			name = Products;
			sourceTree = "<group>";
		};
		4BB336812133AD2D0082FCE3 /* Fate */ = {
			isa = PBXGroup;
			children = (
				4B18E6E9213BCABA00439700 /* TestStory.rtf */,
				4BB336992134C8580082FCE3 /* PenitentFeelings.mp3 */,
				4B18E6EF213F8DCF00439700 /* hitman.mp3 */,
				4BB3369D2134D57B0082FCE3 /* bluescale.wav */,
				4BB3369F2134D6200082FCE3 /* NightMusings.mp3 */,
				4B18E6EB213C8CE200439700 /* tension.mp3 */,
				4B18E6ED213D10EB00439700 /* GlisteningOpinion.mp3 */,
				4BB336822133AD2D0082FCE3 /* AppDelegate.swift */,
				4BB336842133AD2D0082FCE3 /* TextViewController.swift */,
				4BB336972134B67D0082FCE3 /* StartViewController.swift */,
				4BB336862133AD2D0082FCE3 /* Main.storyboard */,
				4BB3368C2133AD2F0082FCE3 /* Assets.xcassets */,
				4BB3369B2134CF9C0082FCE3 /* LifeUnlived.mid */,
				4BB3368E2133AD2F0082FCE3 /* LaunchScreen.storyboard */,
				4BB336912133AD2F0082FCE3 /* Info.plist */,
				4BB336892133AD2D0082FCE3 /* Fate.xcdatamodeld */,
			);
			path = Fate;
			sourceTree = "<group>";
		};
/* End PBXGroup section */

/* Begin PBXNativeTarget section */
		4BB3367E2133AD2D0082FCE3 /* Fate */ = {
			isa = PBXNativeTarget;
			buildConfigurationList = 4BB336942133AD2F0082FCE3 /* Build configuration list for PBXNativeTarget "Fate" */;
			buildPhases = (
				4BB3367B2133AD2D0082FCE3 /* Sources */,
				4BB3367C2133AD2D0082FCE3 /* Frameworks */,
				4BB3367D2133AD2D0082FCE3 /* Resources */,
			);
			buildRules = (
			);
			dependencies = (
			);
			name = Fate;
			productName = Fate;
			productReference = 4BB3367F2133AD2D0082FCE3 /* Fate.app */;
			productType = "com.apple.product-type.application";
		};
/* End PBXNativeTarget section */

/* Begin PBXProject section */
		4BB336772133AD2D0082FCE3 /* Project object */ = {
			isa = PBXProject;
			attributes = {
				LastSwiftUpdateCheck = 0940;
				LastUpgradeCheck = 0940;
				ORGANIZATIONNAME = "Emily Jewik";
				TargetAttributes = {
					4BB3367E2133AD2D0082FCE3 = {
						CreatedOnToolsVersion = 9.4.1;
					};
				};
			};
			buildConfigurationList = 4BB3367A2133AD2D0082FCE3 /* Build configuration list for PBXProject "Fate" */;
			compatibilityVersion = "Xcode 9.3";
			developmentRegion = en;
			hasScannedForEncodings = 0;
			knownRegions = (
				en,
				Base,
			);
			mainGroup = 4BB336762133AD2D0082FCE3;
			productRefGroup = 4BB336802133AD2D0082FCE3 /* Products */;
			projectDirPath = "";
			projectRoot = "";
			targets = (
				4BB3367E2133AD2D0082FCE3 /* Fate */,
			);
		};
/* End PBXProject section */

/* Begin PBXResourcesBuildPhase section */
		4BB3367D2133AD2D0082FCE3 /* Resources */ = {
			isa = PBXResourcesBuildPhase;
			buildActionMask = 2147483647;
			files = (
				4B18E6EA213BCABA00439700 /* TestStory.rtf in Resources */,
				4BB336A02134D6200082FCE3 /* NightMusings.mp3 in Resources */,
				4BB336902133AD2F0082FCE3 /* LaunchScreen.storyboard in Resources */,
				4BB3368D2133AD2F0082FCE3 /* Assets.xcassets in Resources */,
				4B18E6EC213C8CE200439700 /* tension.mp3 in Resources */,
				4B18E6EE213D10EB00439700 /* GlisteningOpinion.mp3 in Resources */,
				4BB3369A2134C8580082FCE3 /* PenitentFeelings.mp3 in Resources */,
				4BB3369C2134CF9C0082FCE3 /* LifeUnlived.mid in Resources */,
				4B18E6F0213F8DCF00439700 /* hitman.mp3 in Resources */,
				4BB336882133AD2D0082FCE3 /* Main.storyboard in Resources */,
				4BB3369E2134D57C0082FCE3 /* bluescale.wav in Resources */,
			);
			runOnlyForDeploymentPostprocessing = 0;
		};
/* End PBXResourcesBuildPhase section */

/* Begin PBXSourcesBuildPhase section */
		4BB3367B2133AD2D0082FCE3 /* Sources */ = {
			isa = PBXSourcesBuildPhase;
			buildActionMask = 2147483647;
			files = (
				4BB3368B2133AD2D0082FCE3 /* Fate.xcdatamodeld in Sources */,
				4BB336982134B67D0082FCE3 /* StartViewController.swift in Sources */,
				4BB336852133AD2D0082FCE3 /* TextViewController.swift in Sources */,
				4BB336832133AD2D0082FCE3 /* AppDelegate.swift in Sources */,
			);
			runOnlyForDeploymentPostprocessing = 0;
		};
/* End PBXSourcesBuildPhase section */

/* Begin PBXVariantGroup section */
		4BB336862133AD2D0082FCE3 /* Main.storyboard */ = {
			isa = PBXVariantGroup;
			children = (
				4BB336872133AD2D0082FCE3 /* Base */,
			);
			name = Main.storyboard;
			sourceTree = "<group>";
		};
		4BB3368E2133AD2F0082FCE3 /* LaunchScreen.storyboard */ = {
			isa = PBXVariantGroup;
			children = (
				4BB3368F2133AD2F0082FCE3 /* Base */,
			);
			name = LaunchScreen.storyboard;
			sourceTree = "<group>";
		};
/* End PBXVariantGroup section */

/* Begin XCBuildConfiguration section */
		4BB336922133AD2F0082FCE3 /* Debug */ = {
			isa = XCBuildConfiguration;
			buildSettings = {
				ALWAYS_SEARCH_USER_PATHS = NO;
				CLANG_ANALYZER_NONNULL = YES;
				CLANG_ANALYZER_NUMBER_OBJECT_CONVERSION = YES_AGGRESSIVE;
				CLANG_CXX_LANGUAGE_STANDARD = "gnu++14";
				CLANG_CXX_LIBRARY = "libc++";
				CLANG_ENABLE_MODULES = YES;
				CLANG_ENABLE_OBJC_ARC = YES;
				CLANG_ENABLE_OBJC_WEAK = YES;
				CLANG_WARN_BLOCK_CAPTURE_AUTORELEASING = YES;
				CLANG_WARN_BOOL_CONVERSION = YES;
				CLANG_WARN_COMMA = YES;
				CLANG_WARN_CONSTANT_CONVERSION = YES;
				CLANG_WARN_DEPRECATED_OBJC_IMPLEMENTATIONS = YES;
				CLANG_WARN_DIRECT_OBJC_ISA_USAGE = YES_ERROR;
				CLANG_WARN_DOCUMENTATION_COMMENTS = YES;
				CLANG_WARN_EMPTY_BODY = YES;
				CLANG_WARN_ENUM_CONVERSION = YES;
				CLANG_WARN_INFINITE_RECURSION = YES;
				CLANG_WARN_INT_CONVERSION = YES;
				CLANG_WARN_NON_LITERAL_NULL_CONVERSION = YES;
				CLANG_WARN_OBJC_IMPLICIT_RETAIN_SELF = YES;
				CLANG_WARN_OBJC_LITERAL_CONVERSION = YES;
				CLANG_WARN_OBJC_ROOT_CLASS = YES_ERROR;
				CLANG_WARN_RANGE_LOOP_ANALYSIS = YES;
				CLANG_WARN_STRICT_PROTOTYPES = YES;
				CLANG_WARN_SUSPICIOUS_MOVE = YES;
				CLANG_WARN_UNGUARDED_AVAILABILITY = YES_AGGRESSIVE;
				CLANG_WARN_UNREACHABLE_CODE = YES;
				CLANG_WARN__DUPLICATE_METHOD_MATCH = YES;
				CODE_SIGN_IDENTITY = "iPhone Developer";
				COPY_PHASE_STRIP = NO;
				DEBUG_INFORMATION_FORMAT = dwarf;
				ENABLE_STRICT_OBJC_MSGSEND = YES;
				ENABLE_TESTABILITY = YES;
				GCC_C_LANGUAGE_STANDARD = gnu11;
				GCC_DYNAMIC_NO_PIC = NO;
				GCC_NO_COMMON_BLOCKS = YES;
				GCC_OPTIMIZATION_LEVEL = 0;
				GCC_PREPROCESSOR_DEFINITIONS = (
					"DEBUG=1",
					"$(inherited)",
				);
				GCC_WARN_64_TO_32_BIT_CONVERSION = YES;
				GCC_WARN_ABOUT_RETURN_TYPE = YES_ERROR;
				GCC_WARN_UNDECLARED_SELECTOR = YES;
				GCC_WARN_UNINITIALIZED_AUTOS = YES_AGGRESSIVE;
				GCC_WARN_UNUSED_FUNCTION = YES;
				GCC_WARN_UNUSED_VARIABLE = YES;
				IPHONEOS_DEPLOYMENT_TARGET = 11.4;
				MTL_ENABLE_DEBUG_INFO = YES;
				ONLY_ACTIVE_ARCH = YES;
				SDKROOT = iphoneos;
				SWIFT_ACTIVE_COMPILATION_CONDITIONS = DEBUG;
				SWIFT_OPTIMIZATION_LEVEL = "-Onone";
			};
			name = Debug;
		};
		4BB336932133AD2F0082FCE3 /* Release */ = {
			isa = XCBuildConfiguration;
			buildSettings = {
				ALWAYS_SEARCH_USER_PATHS = NO;
				CLANG_ANALYZER_NONNULL = YES;
				CLANG_ANALYZER_NUMBER_OBJECT_CONVERSION = YES_AGGRESSIVE;
				CLANG_CXX_LANGUAGE_STANDARD = "gnu++14";
				CLANG_CXX_LIBRARY = "libc++";
				CLANG_ENABLE_MODULES = YES;
				CLANG_ENABLE_OBJC_ARC = YES;
				CLANG_ENABLE_OBJC_WEAK = YES;
				CLANG_WARN_BLOCK_CAPTURE_AUTORELEASING = YES;
				CLANG_WARN_BOOL_CONVERSION = YES;
				CLANG_WARN_COMMA = YES;
				CLANG_WARN_CONSTANT_CONVERSION = YES;
				CLANG_WARN_DEPRECATED_OBJC_IMPLEMENTATIONS = YES;
				CLANG_WARN_DIRECT_OBJC_ISA_USAGE = YES_ERROR;
				CLANG_WARN_DOCUMENTATION_COMMENTS = YES;
				CLANG_WARN_EMPTY_BODY = YES;
				CLANG_WARN_ENUM_CONVERSION = YES;
				CLANG_WARN_INFINITE_RECURSION = YES;
				CLANG_WARN_INT_CONVERSION = YES;
				CLANG_WARN_NON_LITERAL_NULL_CONVERSION = YES;
				CLANG_WARN_OBJC_IMPLICIT_RETAIN_SELF = YES;
				CLANG_WARN_OBJC_LITERAL_CONVERSION = YES;
				CLANG_WARN_OBJC_ROOT_CLASS = YES_ERROR;
				CLANG_WARN_RANGE_LOOP_ANALYSIS = YES;
				CLANG_WARN_STRICT_PROTOTYPES = YES;
				CLANG_WARN_SUSPICIOUS_MOVE = YES;
				CLANG_WARN_UNGUARDED_AVAILABILITY = YES_AGGRESSIVE;
				CLANG_WARN_UNREACHABLE_CODE = YES;
				CLANG_WARN__DUPLICATE_METHOD_MATCH = YES;
				CODE_SIGN_IDENTITY = "iPhone Developer";
				COPY_PHASE_STRIP = NO;
				DEBUG_INFORMATION_FORMAT = "dwarf-with-dsym";
				ENABLE_NS_ASSERTIONS = NO;
				ENABLE_STRICT_OBJC_MSGSEND = YES;
				GCC_C_LANGUAGE_STANDARD = gnu11;
				GCC_NO_COMMON_BLOCKS = YES;
				GCC_WARN_64_TO_32_BIT_CONVERSION = YES;
				GCC_WARN_ABOUT_RETURN_TYPE = YES_ERROR;
				GCC_WARN_UNDECLARED_SELECTOR = YES;
				GCC_WARN_UNINITIALIZED_AUTOS = YES_AGGRESSIVE;
				GCC_WARN_UNUSED_FUNCTION = YES;
				GCC_WARN_UNUSED_VARIABLE = YES;
				IPHONEOS_DEPLOYMENT_TARGET = 11.4;
				MTL_ENABLE_DEBUG_INFO = NO;
				SDKROOT = iphoneos;
				SWIFT_COMPILATION_MODE = wholemodule;
				SWIFT_OPTIMIZATION_LEVEL = "-O";
				VALIDATE_PRODUCT = YES;
			};
			name = Release;
		};
		4BB336952133AD2F0082FCE3 /* Debug */ = {
			isa = XCBuildConfiguration;
			buildSettings = {
				ASSETCATALOG_COMPILER_APPICON_NAME = AppIcon;
				CODE_SIGN_STYLE = Automatic;
				DEVELOPMENT_TEAM = GUJUSQGLNB;
				INFOPLIST_FILE = Fate/Info.plist;
				LD_RUNPATH_SEARCH_PATHS = (
					"$(inherited)",
					"@executable_path/Frameworks",
				);
				PRODUCT_BUNDLE_IDENTIFIER = com.EmilyJewik.Fate;
				PRODUCT_NAME = "$(TARGET_NAME)";
				SWIFT_VERSION = 4.0;
				TARGETED_DEVICE_FAMILY = "1,2";
			};
			name = Debug;
		};
		4BB336962133AD2F0082FCE3 /* Release */ = {
			isa = XCBuildConfiguration;
			buildSettings = {
				ASSETCATALOG_COMPILER_APPICON_NAME = AppIcon;
				CODE_SIGN_STYLE = Automatic;
				DEVELOPMENT_TEAM = GUJUSQGLNB;
				INFOPLIST_FILE = Fate/Info.plist;
				LD_RUNPATH_SEARCH_PATHS = (
					"$(inherited)",
					"@executable_path/Frameworks",
				);
				PRODUCT_BUNDLE_IDENTIFIER = com.EmilyJewik.Fate;
				PRODUCT_NAME = "$(TARGET_NAME)";
				SWIFT_VERSION = 4.0;
				TARGETED_DEVICE_FAMILY = "1,2";
			};
			name = Release;
		};
/* End XCBuildConfiguration section */

/* Begin XCConfigurationList section */
		4BB3367A2133AD2D0082FCE3 /* Build configuration list for PBXProject "Fate" */ = {
			isa = XCConfigurationList;
			buildConfigurations = (
				4BB336922133AD2F0082FCE3 /* Debug */,
				4BB336932133AD2F0082FCE3 /* Release */,
			);
			defaultConfigurationIsVisible = 0;
			defaultConfigurationName = Release;
		};
		4BB336942133AD2F0082FCE3 /* Build configuration list for PBXNativeTarget "Fate" */ = {
			isa = XCConfigurationList;
			buildConfigurations = (
				4BB336952133AD2F0082FCE3 /* Debug */,
				4BB336962133AD2F0082FCE3 /* Release */,
			);
			defaultConfigurationIsVisible = 0;
			defaultConfigurationName = Release;
		};
/* End XCConfigurationList section */

/* Begin XCVersionGroup section */
		4BB336892133AD2D0082FCE3 /* Fate.xcdatamodeld */ = {
			isa = XCVersionGroup;
			children = (
				4BB3368A2133AD2D0082FCE3 /* Fate.xcdatamodel */,
			);
			currentVersion = 4BB3368A2133AD2D0082FCE3 /* Fate.xcdatamodel */;
			path = Fate.xcdatamodeld;
			sourceTree = "<group>";
			versionGroupType = wrapper.xcdatamodel;
		};
/* End XCVersionGroup section */
	};
	rootObject = 4BB336772133AD2D0082FCE3 /* Project object */;
}
